
Microsoft Visual Studio Solution File, Format Version 12.00
# Visual Studio Version 16
VisualStudioVersion = 16.0.29519.161
MinimumVisualStudioVersion = 10.0.40219.1
Project("{9A19103F-16F7-4668-BE54-9A1E7A4F7556}") = "ToDoList", "ToDoList.csproj", "{B60D061E-79CA-412E-A18A-84705A8D3C67}"
EndProject
Global
	GlobalSection(SolutionConfigurationPlatforms) = preSolution
		Debug|Any CPU = Debug|Any CPU
		Release|Any CPU = Release|Any CPU
	EndGlobalSection
	GlobalSection(ProjectConfigurationPlatforms) = postSolution
		{B60D061E-79CA-412E-A18A-84705A8D3C67}.Debug|Any CPU.ActiveCfg = Debug|Any CPU
		{B60D061E-79CA-412E-A18A-84705A8D3C67}.Debug|Any CPU.Build.0 = Debug|Any CPU
		{B60D061E-79CA-412E-A18A-84705A8D3C67}.Release|Any CPU.ActiveCfg = Release|Any CPU
		{B60D061E-79CA-412E-A18A-84705A8D3C67}.Release|Any CPU.Build.0 = Release|Any CPU
	EndGlobalSection
	GlobalSection(SolutionProperties) = preSolution
		HideSolutionNode = FALSE
	EndGlobalSection
	GlobalSection(ExtensibilityGlobals) = postSolution
		SolutionGuid = {E9ACAA55-7BF1-43CE-B611-5D0A0F50F52A}
	EndGlobalSection
EndGlobal
